// !$*UTF8*$!
{
	archiveVersion = 1;
	classes = {
	};
	objectVersion = 50;
	objects = {

/* Begin PBXBuildFile section */
		124B84132585B08E00092034 /* AppDelegate.swift in Sources */ = {isa = PBXBuildFile; fileRef = 124B84122585B08E00092034 /* AppDelegate.swift */; };
		124B84152585B08E00092034 /* SceneDelegate.swift in Sources */ = {isa = PBXBuildFile; fileRef = 124B84142585B08E00092034 /* SceneDelegate.swift */; };
		124B84172585B08E00092034 /* ViewController.swift in Sources */ = {isa = PBXBuildFile; fileRef = 124B84162585B08E00092034 /* ViewController.swift */; };
		124B841A2585B08E00092034 /* Main.storyboard in Resources */ = {isa = PBXBuildFile; fileRef = 124B84182585B08E00092034 /* Main.storyboard */; };
		124B841C2585B09000092034 /* Assets.xcassets in Resources */ = {isa = PBXBuildFile; fileRef = 124B841B2585B09000092034 /* Assets.xcassets */; };
		124B841F2585B09000092034 /* LaunchScreen.storyboard in Resources */ = {isa = PBXBuildFile; fileRef = 124B841D2585B09000092034 /* LaunchScreen.storyboard */; };
		124B842E2585B23000092034 /* Media.xcassets in Resources */ = {isa = PBXBuildFile; fileRef = 124B842D2585B23000092034 /* Media.xcassets */; };
		124B84302585B23000092034 /* ActionViewController.swift in Sources */ = {isa = PBXBuildFile; fileRef = 124B842F2585B23000092034 /* ActionViewController.swift */; };
		124B84332585B23000092034 /* MainInterface.storyboard in Resources */ = {isa = PBXBuildFile; fileRef = 124B84312585B23000092034 /* MainInterface.storyboard */; };
		124B84372585B23000092034 /* Extention.appex in Embed App Extensions */ = {isa = PBXBuildFile; fileRef = 124B842B2585B23000092034 /* Extention.appex */; settings = {ATTRIBUTES = (RemoveHeadersOnCopy, ); }; };
		124B843F2585B62400092034 /* Action.js in Resources */ = {isa = PBXBuildFile; fileRef = 124B843E2585B62400092034 /* Action.js */; };
/* End PBXBuildFile section */

/* Begin PBXContainerItemProxy section */
		124B84352585B23000092034 /* PBXContainerItemProxy */ = {
			isa = PBXContainerItemProxy;
			containerPortal = 124B84072585B08D00092034 /* Project object */;
			proxyType = 1;
			remoteGlobalIDString = 124B842A2585B23000092034;
			remoteInfo = Extention;
		};
/* End PBXContainerItemProxy section */

/* Begin PBXCopyFilesBuildPhase section */
		124B843B2585B23000092034 /* Embed App Extensions */ = {
			isa = PBXCopyFilesBuildPhase;
			buildActionMask = 2147483647;
			dstPath = "";
			dstSubfolderSpec = 13;
			files = (
				124B84372585B23000092034 /* Extention.appex in Embed App Extensions */,
			);
			name = "Embed App Extensions";
			runOnlyForDeploymentPostprocessing = 0;
		};
/* End PBXCopyFilesBuildPhase section */

/* Begin PBXFileReference section */
		124B840F2585B08E00092034 /* Project19.app */ = {isa = PBXFileReference; explicitFileType = wrapper.application; includeInIndex = 0; path = Project19.app; sourceTree = BUILT_PRODUCTS_DIR; };
		124B84122585B08E00092034 /* AppDelegate.swift */ = {isa = PBXFileReference; lastKnownFileType = sourcecode.swift; path = AppDelegate.swift; sourceTree = "<group>"; };
		124B84142585B08E00092034 /* SceneDelegate.swift */ = {isa = PBXFileReference; lastKnownFileType = sourcecode.swift; path = SceneDelegate.swift; sourceTree = "<group>"; };
		124B84162585B08E00092034 /* ViewController.swift */ = {isa = PBXFileReference; lastKnownFileType = sourcecode.swift; path = ViewController.swift; sourceTree = "<group>"; };
		124B84192585B08E00092034 /* Base */ = {isa = PBXFileReference; lastKnownFileType = file.storyboard; name = Base; path = Base.lproj/Main.storyboard; sourceTree = "<group>"; };
		124B841B2585B09000092034 /* Assets.xcassets */ = {isa = PBXFileReference; lastKnownFileType = folder.assetcatalog; path = Assets.xcassets; sourceTree = "<group>"; };
		124B841E2585B09000092034 /* Base */ = {isa = PBXFileReference; lastKnownFileType = file.storyboard; name = Base; path = Base.lproj/LaunchScreen.storyboard; sourceTree = "<group>"; };
		124B84202585B09000092034 /* Info.plist */ = {isa = PBXFileReference; lastKnownFileType = text.plist.xml; path = Info.plist; sourceTree = "<group>"; };
		124B842B2585B23000092034 /* Extention.appex */ = {isa = PBXFileReference; explicitFileType = "wrapper.app-extension"; includeInIndex = 0; path = Extention.appex; sourceTree = BUILT_PRODUCTS_DIR; };
		124B842D2585B23000092034 /* Media.xcassets */ = {isa = PBXFileReference; lastKnownFileType = folder.assetcatalog; path = Media.xcassets; sourceTree = "<group>"; };
		124B842F2585B23000092034 /* ActionViewController.swift */ = {isa = PBXFileReference; lastKnownFileType = sourcecode.swift; path = ActionViewController.swift; sourceTree = "<group>"; };
		124B84322585B23000092034 /* Base */ = {isa = PBXFileReference; lastKnownFileType = file.storyboard; name = Base; path = Base.lproj/MainInterface.storyboard; sourceTree = "<group>"; };
		124B84342585B23000092034 /* Info.plist */ = {isa = PBXFileReference; lastKnownFileType = text.plist.xml; path = Info.plist; sourceTree = "<group>"; };
		124B843E2585B62400092034 /* Action.js */ = {isa = PBXFileReference; lastKnownFileType = sourcecode.javascript; path = Action.js; sourceTree = "<group>"; };
/* End PBXFileReference section */

/* Begin PBXFrameworksBuildPhase section */
		124B840C2585B08D00092034 /* Frameworks */ = {
			isa = PBXFrameworksBuildPhase;
			buildActionMask = 2147483647;
			files = (
			);
			runOnlyForDeploymentPostprocessing = 0;
		};
		124B84282585B23000092034 /* Frameworks */ = {
			isa = PBXFrameworksBuildPhase;
			buildActionMask = 2147483647;
			files = (
			);
			runOnlyForDeploymentPostprocessing = 0;
		};
/* End PBXFrameworksBuildPhase section */

/* Begin PBXGroup section */
		124B84062585B08D00092034 = {
			isa = PBXGroup;
			children = (
				124B84112585B08E00092034 /* Project19 */,
				124B842C2585B23000092034 /* Extention */,
				124B84102585B08E00092034 /* Products */,
			);
			sourceTree = "<group>";
		};
		124B84102585B08E00092034 /* Products */ = {
			isa = PBXGroup;
			children = (
				124B840F2585B08E00092034 /* Project19.app */,
				124B842B2585B23000092034 /* Extention.appex */,
			);
			name = Products;
			sourceTree = "<group>";
		};
		124B84112585B08E00092034 /* Project19 */ = {
			isa = PBXGroup;
			children = (
				124B84122585B08E00092034 /* AppDelegate.swift */,
				124B84142585B08E00092034 /* SceneDelegate.swift */,
				124B84162585B08E00092034 /* ViewController.swift */,
				124B84182585B08E00092034 /* Main.storyboard */,
				124B841B2585B09000092034 /* Assets.xcassets */,
				124B841D2585B09000092034 /* LaunchScreen.storyboard */,
				124B84202585B09000092034 /* Info.plist */,
			);
			path = Project19;
			sourceTree = "<group>";
		};
		124B842C2585B23000092034 /* Extention */ = {
			isa = PBXGroup;
			children = (
				124B842D2585B23000092034 /* Media.xcassets */,
				124B842F2585B23000092034 /* ActionViewController.swift */,
				124B84312585B23000092034 /* MainInterface.storyboard */,
				124B84342585B23000092034 /* Info.plist */,
				124B843E2585B62400092034 /* Action.js */,
			);
			path = Extention;
			sourceTree = "<group>";
		};
/* End PBXGroup section */

/* Begin PBXNativeTarget section */
		124B840E2585B08D00092034 /* Project19 */ = {
			isa = PBXNativeTarget;
			buildConfigurationList = 124B84232585B09000092034 /* Build configuration list for PBXNativeTarget "Project19" */;
			buildPhases = (
				124B840B2585B08D00092034 /* Sources */,
				124B840C2585B08D00092034 /* Frameworks */,
				124B840D2585B08D00092034 /* Resources */,
				124B843B2585B23000092034 /* Embed App Extensions */,
			);
			buildRules = (
			);
			dependencies = (
				124B84362585B23000092034 /* PBXTargetDependency */,
			);
			name = Project19;
			productName = Project19;
			productReference = 124B840F2585B08E00092034 /* Project19.app */;
			productType = "com.apple.product-type.application";
		};
		124B842A2585B23000092034 /* Extention */ = {
			isa = PBXNativeTarget;
			buildConfigurationList = 124B84382585B23000092034 /* Build configuration list for PBXNativeTarget "Extention" */;
			buildPhases = (
				124B84272585B23000092034 /* Sources */,
				124B84282585B23000092034 /* Frameworks */,
				124B84292585B23000092034 /* Resources */,
			);
			buildRules = (
			);
			dependencies = (
			);
			name = Extention;
			productName = Extention;
			productReference = 124B842B2585B23000092034 /* Extention.appex */;
			productType = "com.apple.product-type.app-extension";
		};
/* End PBXNativeTarget section */

/* Begin PBXProject section */
		124B84072585B08D00092034 /* Project object */ = {
			isa = PBXProject;
			attributes = {
				LastSwiftUpdateCheck = 1220;
				LastUpgradeCheck = 1220;
				TargetAttributes = {
					124B840E2585B08D00092034 = {
						CreatedOnToolsVersion = 12.2;
					};
					124B842A2585B23000092034 = {
						CreatedOnToolsVersion = 12.2;
					};
				};
			};
			buildConfigurationList = 124B840A2585B08D00092034 /* Build configuration list for PBXProject "Project19" */;
			compatibilityVersion = "Xcode 9.3";
			developmentRegion = en;
			hasScannedForEncodings = 0;
			knownRegions = (
				en,
				Base,
			);
			mainGroup = 124B84062585B08D00092034;
			productRefGroup = 124B84102585B08E00092034 /* Products */;
			projectDirPath = "";
			projectRoot = "";
			targets = (
				124B840E2585B08D00092034 /* Project19 */,
				124B842A2585B23000092034 /* Extention */,
			);
		};
/* End PBXProject section */

/* Begin PBXResourcesBuildPhase section */
		124B840D2585B08D00092034 /* Resources */ = {
			isa = PBXResourcesBuildPhase;
			buildActionMask = 2147483647;
			files = (
				124B841F2585B09000092034 /* LaunchScreen.storyboard in Resources */,
				124B841C2585B09000092034 /* Assets.xcassets in Resources */,
				124B841A2585B08E00092034 /* Main.storyboard in Resources */,
			);
			runOnlyForDeploymentPostprocessing = 0;
		};
		124B84292585B23000092034 /* Resources */ = {
			isa = PBXResourcesBuildPhase;
			buildActionMask = 2147483647;
			files = (
				124B843F2585B62400092034 /* Action.js in Resources */,
				124B842E2585B23000092034 /* Media.xcassets in Resources */,
				124B84332585B23000092034 /* MainInterface.storyboard in Resources */,
			);
			runOnlyForDeploymentPostprocessing = 0;
		};
/* End PBXResourcesBuildPhase section */

/* Begin PBXSourcesBuildPhase section */
		124B840B2585B08D00092034 /* Sources */ = {
			isa = PBXSourcesBuildPhase;
			buildActionMask = 2147483647;
			files = (
				124B84172585B08E00092034 /* ViewController.swift in Sources */,
				124B84132585B08E00092034 /* AppDelegate.swift in Sources */,
				124B84152585B08E00092034 /* SceneDelegate.swift in Sources */,
			);
			runOnlyForDeploymentPostprocessing = 0;
		};
		124B84272585B23000092034 /* Sources */ = {
			isa = PBXSourcesBuildPhase;
			buildActionMask = 2147483647;
			files = (
				124B84302585B23000092034 /* ActionViewController.swift in Sources */,
			);
			runOnlyForDeploymentPostprocessing = 0;
		};
/* End PBXSourcesBuildPhase section */

/* Begin PBXTargetDependency section */
		124B84362585B23000092034 /* PBXTargetDependency */ = {
			isa = PBXTargetDependency;
			target = 124B842A2585B23000092034 /* Extention */;
			targetProxy = 124B84352585B23000092034 /* PBXContainerItemProxy */;
		};
/* End PBXTargetDependency section */

/* Begin PBXVariantGroup section */
		124B84182585B08E00092034 /* Main.storyboard */ = {
			isa = PBXVariantGroup;
			children = (
				124B84192585B08E00092034 /* Base */,
			);
			name = Main.storyboard;
			sourceTree = "<group>";
		};
		124B841D2585B09000092034 /* LaunchScreen.storyboard */ = {
			isa = PBXVariantGroup;
			children = (
				124B841E2585B09000092034 /* Base */,
			);
			name = LaunchScreen.storyboard;
			sourceTree = "<group>";
		};
		124B84312585B23000092034 /* MainInterface.storyboard */ = {
			isa = PBXVariantGroup;
			children = (
				124B84322585B23000092034 /* Base */,
			);
			name = MainInterface.storyboard;
			sourceTree = "<group>";
		};
/* End PBXVariantGroup section */

/* Begin XCBuildConfiguration section */
		124B84212585B09000092034 /* Debug */ = {
			isa = XCBuildConfiguration;
			buildSettings = {
				ALWAYS_SEARCH_USER_PATHS = NO;
				CLANG_ANALYZER_NONNULL = YES;
				CLANG_ANALYZER_NUMBER_OBJECT_CONVERSION = YES_AGGRESSIVE;
				CLANG_CXX_LANGUAGE_STANDARD = "gnu++14";
				CLANG_CXX_LIBRARY = "libc++";
				CLANG_ENABLE_MODULES = YES;
				CLANG_ENABLE_OBJC_ARC = YES;
				CLANG_ENABLE_OBJC_WEAK = YES;
				CLANG_WARN_BLOCK_CAPTURE_AUTORELEASING = YES;
				CLANG_WARN_BOOL_CONVERSION = YES;
				CLANG_WARN_COMMA = YES;
				CLANG_WARN_CONSTANT_CONVERSION = YES;
				CLANG_WARN_DEPRECATED_OBJC_IMPLEMENTATIONS = YES;
				CLANG_WARN_DIRECT_OBJC_ISA_USAGE = YES_ERROR;
				CLANG_WARN_DOCUMENTATION_COMMENTS = YES;
				CLANG_WARN_EMPTY_BODY = YES;
				CLANG_WARN_ENUM_CONVERSION = YES;
				CLANG_WARN_INFINITE_RECURSION = YES;
				CLANG_WARN_INT_CONVERSION = YES;
				CLANG_WARN_NON_LITERAL_NULL_CONVERSION = YES;
				CLANG_WARN_OBJC_IMPLICIT_RETAIN_SELF = YES;
				CLANG_WARN_OBJC_LITERAL_CONVERSION = YES;
				CLANG_WARN_OBJC_ROOT_CLASS = YES_ERROR;
				CLANG_WARN_QUOTED_INCLUDE_IN_FRAMEWORK_HEADER = YES;
				CLANG_WARN_RANGE_LOOP_ANALYSIS = YES;
				CLANG_WARN_STRICT_PROTOTYPES = YES;
				CLANG_WARN_SUSPICIOUS_MOVE = YES;
				CLANG_WARN_UNGUARDED_AVAILABILITY = YES_AGGRESSIVE;
				CLANG_WARN_UNREACHABLE_CODE = YES;
				CLANG_WARN__DUPLICATE_METHOD_MATCH = YES;
				COPY_PHASE_STRIP = NO;
				DEBUG_INFORMATION_FORMAT = dwarf;
				ENABLE_STRICT_OBJC_MSGSEND = YES;
				ENABLE_TESTABILITY = YES;
				GCC_C_LANGUAGE_STANDARD = gnu11;
				GCC_DYNAMIC_NO_PIC = NO;
				GCC_NO_COMMON_BLOCKS = YES;
				GCC_OPTIMIZATION_LEVEL = 0;
				GCC_PREPROCESSOR_DEFINITIONS = (
					"DEBUG=1",
					"$(inherited)",
				);
				GCC_WARN_64_TO_32_BIT_CONVERSION = YES;
				GCC_WARN_ABOUT_RETURN_TYPE = YES_ERROR;
				GCC_WARN_UNDECLARED_SELECTOR = YES;
				GCC_WARN_UNINITIALIZED_AUTOS = YES_AGGRESSIVE;
				GCC_WARN_UNUSED_FUNCTION = YES;
				GCC_WARN_UNUSED_VARIABLE = YES;
				IPHONEOS_DEPLOYMENT_TARGET = 14.2;
				MTL_ENABLE_DEBUG_INFO = INCLUDE_SOURCE;
				MTL_FAST_MATH = YES;
				ONLY_ACTIVE_ARCH = YES;
				SDKROOT = iphoneos;
				SWIFT_ACTIVE_COMPILATION_CONDITIONS = DEBUG;
				SWIFT_OPTIMIZATION_LEVEL = "-Onone";
			};
			name = Debug;
		};
		124B84222585B09000092034 /* Release */ = {
			isa = XCBuildConfiguration;
			buildSettings = {
				ALWAYS_SEARCH_USER_PATHS = NO;
				CLANG_ANALYZER_NONNULL = YES;
				CLANG_ANALYZER_NUMBER_OBJECT_CONVERSION = YES_AGGRESSIVE;
				CLANG_CXX_LANGUAGE_STANDARD = "gnu++14";
				CLANG_CXX_LIBRARY = "libc++";
				CLANG_ENABLE_MODULES = YES;
				CLANG_ENABLE_OBJC_ARC = YES;
				CLANG_ENABLE_OBJC_WEAK = YES;
				CLANG_WARN_BLOCK_CAPTURE_AUTORELEASING = YES;
				CLANG_WARN_BOOL_CONVERSION = YES;
				CLANG_WARN_COMMA = YES;
				CLANG_WARN_CONSTANT_CONVERSION = YES;
				CLANG_WARN_DEPRECATED_OBJC_IMPLEMENTATIONS = YES;
				CLANG_WARN_DIRECT_OBJC_ISA_USAGE = YES_ERROR;
				CLANG_WARN_DOCUMENTATION_COMMENTS = YES;
				CLANG_WARN_EMPTY_BODY = YES;
				CLANG_WARN_ENUM_CONVERSION = YES;
				CLANG_WARN_INFINITE_RECURSION = YES;
				CLANG_WARN_INT_CONVERSION = YES;
				CLANG_WARN_NON_LITERAL_NULL_CONVERSION = YES;
				CLANG_WARN_OBJC_IMPLICIT_RETAIN_SELF = YES;
				CLANG_WARN_OBJC_LITERAL_CONVERSION = YES;
				CLANG_WARN_OBJC_ROOT_CLASS = YES_ERROR;
				CLANG_WARN_QUOTED_INCLUDE_IN_FRAMEWORK_HEADER = YES;
				CLANG_WARN_RANGE_LOOP_ANALYSIS = YES;
				CLANG_WARN_STRICT_PROTOTYPES = YES;
				CLANG_WARN_SUSPICIOUS_MOVE = YES;
				CLANG_WARN_UNGUARDED_AVAILABILITY = YES_AGGRESSIVE;
				CLANG_WARN_UNREACHABLE_CODE = YES;
				CLANG_WARN__DUPLICATE_METHOD_MATCH = YES;
				COPY_PHASE_STRIP = NO;
				DEBUG_INFORMATION_FORMAT = "dwarf-with-dsym";
				ENABLE_NS_ASSERTIONS = NO;
				ENABLE_STRICT_OBJC_MSGSEND = YES;
				GCC_C_LANGUAGE_STANDARD = gnu11;
				GCC_NO_COMMON_BLOCKS = YES;
				GCC_WARN_64_TO_32_BIT_CONVERSION = YES;
				GCC_WARN_ABOUT_RETURN_TYPE = YES_ERROR;
				GCC_WARN_UNDECLARED_SELECTOR = YES;
				GCC_WARN_UNINITIALIZED_AUTOS = YES_AGGRESSIVE;
				GCC_WARN_UNUSED_FUNCTION = YES;
				GCC_WARN_UNUSED_VARIABLE = YES;
				IPHONEOS_DEPLOYMENT_TARGET = 14.2;
				MTL_ENABLE_DEBUG_INFO = NO;
				MTL_FAST_MATH = YES;
				SDKROOT = iphoneos;
				SWIFT_COMPILATION_MODE = wholemodule;
				SWIFT_OPTIMIZATION_LEVEL = "-O";
				VALIDATE_PRODUCT = YES;
			};
			name = Release;
		};
		124B84242585B09000092034 /* Debug */ = {
			isa = XCBuildConfiguration;
			buildSettings = {
				ALWAYS_EMBED_SWIFT_STANDARD_LIBRARIES = YES;
				ASSETCATALOG_COMPILER_APPICON_NAME = AppIcon;
				ASSETCATALOG_COMPILER_GLOBAL_ACCENT_COLOR_NAME = AccentColor;
				CODE_SIGN_STYLE = Automatic;
				DEVELOPMENT_TEAM = K42AGY5EAJ;
				INFOPLIST_FILE = Project19/Info.plist;
				LD_RUNPATH_SEARCH_PATHS = (
					"$(inherited)",
					"@executable_path/Frameworks",
				);
				PRODUCT_BUNDLE_IDENTIFIER = "com.sethdanford-gmail.Project19";
				PRODUCT_NAME = "$(TARGET_NAME)";
				SWIFT_VERSION = 5.0;
				TARGETED_DEVICE_FAMILY = "1,2";
			};
			name = Debug;
		};
		124B84252585B09000092034 /* Release */ = {
			isa = XCBuildConfiguration;
			buildSettings = {
				ALWAYS_EMBED_SWIFT_STANDARD_LIBRARIES = YES;
				ASSETCATALOG_COMPILER_APPICON_NAME = AppIcon;
				ASSETCATALOG_COMPILER_GLOBAL_ACCENT_COLOR_NAME = AccentColor;
				CODE_SIGN_STYLE = Automatic;
				DEVELOPMENT_TEAM = K42AGY5EAJ;
				INFOPLIST_FILE = Project19/Info.plist;
				LD_RUNPATH_SEARCH_PATHS = (
					"$(inherited)",
					"@executable_path/Frameworks",
				);
				PRODUCT_BUNDLE_IDENTIFIER = "com.sethdanford-gmail.Project19";
				PRODUCT_NAME = "$(TARGET_NAME)";
				SWIFT_VERSION = 5.0;
				TARGETED_DEVICE_FAMILY = "1,2";
			};
			name = Release;
		};
		124B84392585B23000092034 /* Debug */ = {
			isa = XCBuildConfiguration;
			buildSettings = {
				CODE_SIGN_STYLE = Automatic;
				DEVELOPMENT_TEAM = K42AGY5EAJ;
				INFOPLIST_FILE = Extention/Info.plist;
				LD_RUNPATH_SEARCH_PATHS = (
					"$(inherited)",
					"@executable_path/Frameworks",
					"@executable_path/../../Frameworks",
				);
				PRODUCT_BUNDLE_IDENTIFIER = "com.sethdanford-gmail.Project19.Extention";
				PRODUCT_NAME = "$(TARGET_NAME)";
				SKIP_INSTALL = YES;
				SWIFT_VERSION = 5.0;
				TARGETED_DEVICE_FAMILY = "1,2";
			};
			name = Debug;
		};
		124B843A2585B23000092034 /* Release */ = {
			isa = XCBuildConfiguration;
			buildSettings = {
				CODE_SIGN_STYLE = Automatic;
				DEVELOPMENT_TEAM = K42AGY5EAJ;
				INFOPLIST_FILE = Extention/Info.plist;
				LD_RUNPATH_SEARCH_PATHS = (
					"$(inherited)",
					"@executable_path/Frameworks",
					"@executable_path/../../Frameworks",
				);
				PRODUCT_BUNDLE_IDENTIFIER = "com.sethdanford-gmail.Project19.Extention";
				PRODUCT_NAME = "$(TARGET_NAME)";
				SKIP_INSTALL = YES;
				SWIFT_VERSION = 5.0;
				TARGETED_DEVICE_FAMILY = "1,2";
			};
			name = Release;
		};
/* End XCBuildConfiguration section */

/* Begin XCConfigurationList section */
		124B840A2585B08D00092034 /* Build configuration list for PBXProject "Project19" */ = {
			isa = XCConfigurationList;
			buildConfigurations = (
				124B84212585B09000092034 /* Debug */,
				124B84222585B09000092034 /* Release */,
			);
			defaultConfigurationIsVisible = 0;
			defaultConfigurationName = Release;
		};
		124B84232585B09000092034 /* Build configuration list for PBXNativeTarget "Project19" */ = {
			isa = XCConfigurationList;
			buildConfigurations = (
				124B84242585B09000092034 /* Debug */,
				124B84252585B09000092034 /* Release */,
			);
			defaultConfigurationIsVisible = 0;
			defaultConfigurationName = Release;
		};
		124B84382585B23000092034 /* Build configuration list for PBXNativeTarget "Extention" */ = {
			isa = XCConfigurationList;
			buildConfigurations = (
				124B84392585B23000092034 /* Debug */,
				124B843A2585B23000092034 /* Release */,
			);
			defaultConfigurationIsVisible = 0;
			defaultConfigurationName = Release;
		};
/* End XCConfigurationList section */
	};
	rootObject = 124B84072585B08D00092034 /* Project object */;
}
